// !$*UTF8*$!
{
	archiveVersion = 1;
	classes = {
	};
	objectVersion = 55;
	objects = {

/* Begin PBXBuildFile section */
		1A053B4E2930D4F30098F322 /* NBA_Final_PlayersApp.swift in Sources */ = {isa = PBXBuildFile; fileRef = 1A053B4D2930D4F30098F322 /* NBA_Final_PlayersApp.swift */; };
		1A053B502930D4F30098F322 /* PlayerDetail.swift in Sources */ = {isa = PBXBuildFile; fileRef = 1A053B4F2930D4F30098F322 /* PlayerDetail.swift */; };
		1A053B522930D4F40098F322 /* Assets.xcassets in Resources */ = {isa = PBXBuildFile; fileRef = 1A053B512930D4F40098F322 /* Assets.xcassets */; };
		1A053B552930D4F40098F322 /* Preview Assets.xcassets in Resources */ = {isa = PBXBuildFile; fileRef = 1A053B542930D4F40098F322 /* Preview Assets.xcassets */; };
		1A053B5C2930D6A70098F322 /* Player.swift in Sources */ = {isa = PBXBuildFile; fileRef = 1A053B5B2930D6A70098F322 /* Player.swift */; };
		1A053B5E2930F0490098F322 /* StatsText.swift in Sources */ = {isa = PBXBuildFile; fileRef = 1A053B5D2930F0490098F322 /* StatsText.swift */; };
		1A053B602930FBE30098F322 /* PlayerRow.swift in Sources */ = {isa = PBXBuildFile; fileRef = 1A053B5F2930FBE30098F322 /* PlayerRow.swift */; };
		1A053B6229311C4B0098F322 /* PlayerList.swift in Sources */ = {isa = PBXBuildFile; fileRef = 1A053B6129311C4B0098F322 /* PlayerList.swift */; };
/* End PBXBuildFile section */

/* Begin PBXFileReference section */
		1A053B4A2930D4F30098F322 /* NBA Final Players.app */ = {isa = PBXFileReference; explicitFileType = wrapper.application; includeInIndex = 0; path = "NBA Final Players.app"; sourceTree = BUILT_PRODUCTS_DIR; };
		1A053B4D2930D4F30098F322 /* NBA_Final_PlayersApp.swift */ = {isa = PBXFileReference; lastKnownFileType = sourcecode.swift; path = NBA_Final_PlayersApp.swift; sourceTree = "<group>"; };
		1A053B4F2930D4F30098F322 /* PlayerDetail.swift */ = {isa = PBXFileReference; lastKnownFileType = sourcecode.swift; path = PlayerDetail.swift; sourceTree = "<group>"; };
		1A053B512930D4F40098F322 /* Assets.xcassets */ = {isa = PBXFileReference; lastKnownFileType = folder.assetcatalog; path = Assets.xcassets; sourceTree = "<group>"; };
		1A053B542930D4F40098F322 /* Preview Assets.xcassets */ = {isa = PBXFileReference; lastKnownFileType = folder.assetcatalog; path = "Preview Assets.xcassets"; sourceTree = "<group>"; };
		1A053B5B2930D6A70098F322 /* Player.swift */ = {isa = PBXFileReference; fileEncoding = 4; lastKnownFileType = sourcecode.swift; name = Player.swift; path = ../../Player.swift; sourceTree = "<group>"; };
		1A053B5D2930F0490098F322 /* StatsText.swift */ = {isa = PBXFileReference; lastKnownFileType = sourcecode.swift; path = StatsText.swift; sourceTree = "<group>"; };
		1A053B5F2930FBE30098F322 /* PlayerRow.swift */ = {isa = PBXFileReference; lastKnownFileType = sourcecode.swift; path = PlayerRow.swift; sourceTree = "<group>"; };
		1A053B6129311C4B0098F322 /* PlayerList.swift */ = {isa = PBXFileReference; lastKnownFileType = sourcecode.swift; path = PlayerList.swift; sourceTree = "<group>"; };
/* End PBXFileReference section */

/* Begin PBXFrameworksBuildPhase section */
		1A053B472930D4F30098F322 /* Frameworks */ = {
			isa = PBXFrameworksBuildPhase;
			buildActionMask = 2147483647;
			files = (
			);
			runOnlyForDeploymentPostprocessing = 0;
		};
/* End PBXFrameworksBuildPhase section */

/* Begin PBXGroup section */
		1A053B412930D4F30098F322 = {
			isa = PBXGroup;
			children = (
				1A053B4C2930D4F30098F322 /* NBA Final Players */,
				1A053B4B2930D4F30098F322 /* Products */,
			);
			sourceTree = "<group>";
		};
		1A053B4B2930D4F30098F322 /* Products */ = {
			isa = PBXGroup;
			children = (
				1A053B4A2930D4F30098F322 /* NBA Final Players.app */,
			);
			name = Products;
			sourceTree = "<group>";
		};
		1A053B4C2930D4F30098F322 /* NBA Final Players */ = {
			isa = PBXGroup;
			children = (
				1A053B5B2930D6A70098F322 /* Player.swift */,
				1A053B4D2930D4F30098F322 /* NBA_Final_PlayersApp.swift */,
				1A053B4F2930D4F30098F322 /* PlayerDetail.swift */,
				1A053B5D2930F0490098F322 /* StatsText.swift */,
				1A053B5F2930FBE30098F322 /* PlayerRow.swift */,
				1A053B6129311C4B0098F322 /* PlayerList.swift */,
				1A053B512930D4F40098F322 /* Assets.xcassets */,
				1A053B532930D4F40098F322 /* Preview Content */,
			);
			path = "NBA Final Players";
			sourceTree = "<group>";
		};
		1A053B532930D4F40098F322 /* Preview Content */ = {
			isa = PBXGroup;
			children = (
				1A053B542930D4F40098F322 /* Preview Assets.xcassets */,
			);
			path = "Preview Content";
			sourceTree = "<group>";
		};
/* End PBXGroup section */

/* Begin PBXNativeTarget section */
		1A053B492930D4F30098F322 /* NBA Final Players */ = {
			isa = PBXNativeTarget;
			buildConfigurationList = 1A053B582930D4F40098F322 /* Build configuration list for PBXNativeTarget "NBA Final Players" */;
			buildPhases = (
				1A053B462930D4F30098F322 /* Sources */,
				1A053B472930D4F30098F322 /* Frameworks */,
				1A053B482930D4F30098F322 /* Resources */,
			);
			buildRules = (
			);
			dependencies = (
			);
			name = "NBA Final Players";
			productName = "NBA Final Players";
			productReference = 1A053B4A2930D4F30098F322 /* NBA Final Players.app */;
			productType = "com.apple.product-type.application";
		};
/* End PBXNativeTarget section */

/* Begin PBXProject section */
		1A053B422930D4F30098F322 /* Project object */ = {
			isa = PBXProject;
			attributes = {
				BuildIndependentTargetsInParallel = 1;
				LastSwiftUpdateCheck = 1320;
				LastUpgradeCheck = 1320;
				TargetAttributes = {
					1A053B492930D4F30098F322 = {
						CreatedOnToolsVersion = 13.2.1;
					};
				};
			};
			buildConfigurationList = 1A053B452930D4F30098F322 /* Build configuration list for PBXProject "NBA Final Players" */;
			compatibilityVersion = "Xcode 13.0";
			developmentRegion = en;
			hasScannedForEncodings = 0;
			knownRegions = (
				en,
				Base,
			);
			mainGroup = 1A053B412930D4F30098F322;
			productRefGroup = 1A053B4B2930D4F30098F322 /* Products */;
			projectDirPath = "";
			projectRoot = "";
			targets = (
				1A053B492930D4F30098F322 /* NBA Final Players */,
			);
		};
/* End PBXProject section */

/* Begin PBXResourcesBuildPhase section */
		1A053B482930D4F30098F322 /* Resources */ = {
			isa = PBXResourcesBuildPhase;
			buildActionMask = 2147483647;
			files = (
				1A053B552930D4F40098F322 /* Preview Assets.xcassets in Resources */,
				1A053B522930D4F40098F322 /* Assets.xcassets in Resources */,
			);
			runOnlyForDeploymentPostprocessing = 0;
		};
/* End PBXResourcesBuildPhase section */

/* Begin PBXSourcesBuildPhase section */
		1A053B462930D4F30098F322 /* Sources */ = {
			isa = PBXSourcesBuildPhase;
			buildActionMask = 2147483647;
			files = (
				1A053B502930D4F30098F322 /* PlayerDetail.swift in Sources */,
				1A053B5C2930D6A70098F322 /* Player.swift in Sources */,
				1A053B5E2930F0490098F322 /* StatsText.swift in Sources */,
				1A053B602930FBE30098F322 /* PlayerRow.swift in Sources */,
				1A053B6229311C4B0098F322 /* PlayerList.swift in Sources */,
				1A053B4E2930D4F30098F322 /* NBA_Final_PlayersApp.swift in Sources */,
			);
			runOnlyForDeploymentPostprocessing = 0;
		};
/* End PBXSourcesBuildPhase section */

/* Begin XCBuildConfiguration section */
		1A053B562930D4F40098F322 /* Debug */ = {
			isa = XCBuildConfiguration;
			buildSettings = {
				ALWAYS_SEARCH_USER_PATHS = NO;
				CLANG_ANALYZER_NONNULL = YES;
				CLANG_ANALYZER_NUMBER_OBJECT_CONVERSION = YES_AGGRESSIVE;
				CLANG_CXX_LANGUAGE_STANDARD = "gnu++17";
				CLANG_CXX_LIBRARY = "libc++";
				CLANG_ENABLE_MODULES = YES;
				CLANG_ENABLE_OBJC_ARC = YES;
				CLANG_ENABLE_OBJC_WEAK = YES;
				CLANG_WARN_BLOCK_CAPTURE_AUTORELEASING = YES;
				CLANG_WARN_BOOL_CONVERSION = YES;
				CLANG_WARN_COMMA = YES;
				CLANG_WARN_CONSTANT_CONVERSION = YES;
				CLANG_WARN_DEPRECATED_OBJC_IMPLEMENTATIONS = YES;
				CLANG_WARN_DIRECT_OBJC_ISA_USAGE = YES_ERROR;
				CLANG_WARN_DOCUMENTATION_COMMENTS = YES;
				CLANG_WARN_EMPTY_BODY = YES;
				CLANG_WARN_ENUM_CONVERSION = YES;
				CLANG_WARN_INFINITE_RECURSION = YES;
				CLANG_WARN_INT_CONVERSION = YES;
				CLANG_WARN_NON_LITERAL_NULL_CONVERSION = YES;
				CLANG_WARN_OBJC_IMPLICIT_RETAIN_SELF = YES;
				CLANG_WARN_OBJC_LITERAL_CONVERSION = YES;
				CLANG_WARN_OBJC_ROOT_CLASS = YES_ERROR;
				CLANG_WARN_QUOTED_INCLUDE_IN_FRAMEWORK_HEADER = YES;
				CLANG_WARN_RANGE_LOOP_ANALYSIS = YES;
				CLANG_WARN_STRICT_PROTOTYPES = YES;
				CLANG_WARN_SUSPICIOUS_MOVE = YES;
				CLANG_WARN_UNGUARDED_AVAILABILITY = YES_AGGRESSIVE;
				CLANG_WARN_UNREACHABLE_CODE = YES;
				CLANG_WARN__DUPLICATE_METHOD_MATCH = YES;
				COPY_PHASE_STRIP = NO;
				DEBUG_INFORMATION_FORMAT = dwarf;
				ENABLE_STRICT_OBJC_MSGSEND = YES;
				ENABLE_TESTABILITY = YES;
				GCC_C_LANGUAGE_STANDARD = gnu11;
				GCC_DYNAMIC_NO_PIC = NO;
				GCC_NO_COMMON_BLOCKS = YES;
				GCC_OPTIMIZATION_LEVEL = 0;
				GCC_PREPROCESSOR_DEFINITIONS = (
					"DEBUG=1",
					"$(inherited)",
				);
				GCC_WARN_64_TO_32_BIT_CONVERSION = YES;
				GCC_WARN_ABOUT_RETURN_TYPE = YES_ERROR;
				GCC_WARN_UNDECLARED_SELECTOR = YES;
				GCC_WARN_UNINITIALIZED_AUTOS = YES_AGGRESSIVE;
				GCC_WARN_UNUSED_FUNCTION = YES;
				GCC_WARN_UNUSED_VARIABLE = YES;
				IPHONEOS_DEPLOYMENT_TARGET = 15.2;
				MTL_ENABLE_DEBUG_INFO = INCLUDE_SOURCE;
				MTL_FAST_MATH = YES;
				ONLY_ACTIVE_ARCH = YES;
				SDKROOT = iphoneos;
				SWIFT_ACTIVE_COMPILATION_CONDITIONS = DEBUG;
				SWIFT_OPTIMIZATION_LEVEL = "-Onone";
			};
			name = Debug;
		};
		1A053B572930D4F40098F322 /* Release */ = {
			isa = XCBuildConfiguration;
			buildSettings = {
				ALWAYS_SEARCH_USER_PATHS = NO;
				CLANG_ANALYZER_NONNULL = YES;
				CLANG_ANALYZER_NUMBER_OBJECT_CONVERSION = YES_AGGRESSIVE;
				CLANG_CXX_LANGUAGE_STANDARD = "gnu++17";
				CLANG_CXX_LIBRARY = "libc++";
				CLANG_ENABLE_MODULES = YES;
				CLANG_ENABLE_OBJC_ARC = YES;
				CLANG_ENABLE_OBJC_WEAK = YES;
				CLANG_WARN_BLOCK_CAPTURE_AUTORELEASING = YES;
				CLANG_WARN_BOOL_CONVERSION = YES;
				CLANG_WARN_COMMA = YES;
				CLANG_WARN_CONSTANT_CONVERSION = YES;
				CLANG_WARN_DEPRECATED_OBJC_IMPLEMENTATIONS = YES;
				CLANG_WARN_DIRECT_OBJC_ISA_USAGE = YES_ERROR;
				CLANG_WARN_DOCUMENTATION_COMMENTS = YES;
				CLANG_WARN_EMPTY_BODY = YES;
				CLANG_WARN_ENUM_CONVERSION = YES;
				CLANG_WARN_INFINITE_RECURSION = YES;
				CLANG_WARN_INT_CONVERSION = YES;
				CLANG_WARN_NON_LITERAL_NULL_CONVERSION = YES;
				CLANG_WARN_OBJC_IMPLICIT_RETAIN_SELF = YES;
				CLANG_WARN_OBJC_LITERAL_CONVERSION = YES;
				CLANG_WARN_OBJC_ROOT_CLASS = YES_ERROR;
				CLANG_WARN_QUOTED_INCLUDE_IN_FRAMEWORK_HEADER = YES;
				CLANG_WARN_RANGE_LOOP_ANALYSIS = YES;
				CLANG_WARN_STRICT_PROTOTYPES = YES;
				CLANG_WARN_SUSPICIOUS_MOVE = YES;
				CLANG_WARN_UNGUARDED_AVAILABILITY = YES_AGGRESSIVE;
				CLANG_WARN_UNREACHABLE_CODE = YES;
				CLANG_WARN__DUPLICATE_METHOD_MATCH = YES;
				COPY_PHASE_STRIP = NO;
				DEBUG_INFORMATION_FORMAT = "dwarf-with-dsym";
				ENABLE_NS_ASSERTIONS = NO;
				ENABLE_STRICT_OBJC_MSGSEND = YES;
				GCC_C_LANGUAGE_STANDARD = gnu11;
				GCC_NO_COMMON_BLOCKS = YES;
				GCC_WARN_64_TO_32_BIT_CONVERSION = YES;
				GCC_WARN_ABOUT_RETURN_TYPE = YES_ERROR;
				GCC_WARN_UNDECLARED_SELECTOR = YES;
				GCC_WARN_UNINITIALIZED_AUTOS = YES_AGGRESSIVE;
				GCC_WARN_UNUSED_FUNCTION = YES;
				GCC_WARN_UNUSED_VARIABLE = YES;
				IPHONEOS_DEPLOYMENT_TARGET = 15.2;
				MTL_ENABLE_DEBUG_INFO = NO;
				MTL_FAST_MATH = YES;
				SDKROOT = iphoneos;
				SWIFT_COMPILATION_MODE = wholemodule;
				SWIFT_OPTIMIZATION_LEVEL = "-O";
				VALIDATE_PRODUCT = YES;
			};
			name = Release;
		};
		1A053B592930D4F40098F322 /* Debug */ = {
			isa = XCBuildConfiguration;
			buildSettings = {
				ASSETCATALOG_COMPILER_APPICON_NAME = AppIcon;
				ASSETCATALOG_COMPILER_GLOBAL_ACCENT_COLOR_NAME = AccentColor;
				CODE_SIGN_STYLE = Automatic;
				CURRENT_PROJECT_VERSION = 1;
				DEVELOPMENT_ASSET_PATHS = "\"NBA Final Players/Preview Content\"";
				ENABLE_PREVIEWS = YES;
				GENERATE_INFOPLIST_FILE = YES;
				INFOPLIST_KEY_UIApplicationSceneManifest_Generation = YES;
				INFOPLIST_KEY_UIApplicationSupportsIndirectInputEvents = YES;
				INFOPLIST_KEY_UILaunchScreen_Generation = YES;
				INFOPLIST_KEY_UISupportedInterfaceOrientations_iPad = "UIInterfaceOrientationPortrait UIInterfaceOrientationPortraitUpsideDown UIInterfaceOrientationLandscapeLeft UIInterfaceOrientationLandscapeRight";
				INFOPLIST_KEY_UISupportedInterfaceOrientations_iPhone = "UIInterfaceOrientationPortrait UIInterfaceOrientationLandscapeLeft UIInterfaceOrientationLandscapeRight";
				LD_RUNPATH_SEARCH_PATHS = (
					"$(inherited)",
					"@executable_path/Frameworks",
				);
				MARKETING_VERSION = 1.0;
				PRODUCT_BUNDLE_IDENTIFIER = "com.capgemini.NBA-Final-Players";
				PRODUCT_NAME = "$(TARGET_NAME)";
				SWIFT_EMIT_LOC_STRINGS = YES;
				SWIFT_VERSION = 5.0;
				TARGETED_DEVICE_FAMILY = "1,2";
			};
			name = Debug;
		};
		1A053B5A2930D4F40098F322 /* Release */ = {
			isa = XCBuildConfiguration;
			buildSettings = {
				ASSETCATALOG_COMPILER_APPICON_NAME = AppIcon;
				ASSETCATALOG_COMPILER_GLOBAL_ACCENT_COLOR_NAME = AccentColor;
				CODE_SIGN_STYLE = Automatic;
				CURRENT_PROJECT_VERSION = 1;
				DEVELOPMENT_ASSET_PATHS = "\"NBA Final Players/Preview Content\"";
				ENABLE_PREVIEWS = YES;
				GENERATE_INFOPLIST_FILE = YES;
				INFOPLIST_KEY_UIApplicationSceneManifest_Generation = YES;
				INFOPLIST_KEY_UIApplicationSupportsIndirectInputEvents = YES;
				INFOPLIST_KEY_UILaunchScreen_Generation = YES;
				INFOPLIST_KEY_UISupportedInterfaceOrientations_iPad = "UIInterfaceOrientationPortrait UIInterfaceOrientationPortraitUpsideDown UIInterfaceOrientationLandscapeLeft UIInterfaceOrientationLandscapeRight";
				INFOPLIST_KEY_UISupportedInterfaceOrientations_iPhone = "UIInterfaceOrientationPortrait UIInterfaceOrientationLandscapeLeft UIInterfaceOrientationLandscapeRight";
				LD_RUNPATH_SEARCH_PATHS = (
					"$(inherited)",
					"@executable_path/Frameworks",
				);
				MARKETING_VERSION = 1.0;
				PRODUCT_BUNDLE_IDENTIFIER = "com.capgemini.NBA-Final-Players";
				PRODUCT_NAME = "$(TARGET_NAME)";
				SWIFT_EMIT_LOC_STRINGS = YES;
				SWIFT_VERSION = 5.0;
				TARGETED_DEVICE_FAMILY = "1,2";
			};
			name = Release;
		};
/* End XCBuildConfiguration section */

/* Begin XCConfigurationList section */
		1A053B452930D4F30098F322 /* Build configuration list for PBXProject "NBA Final Players" */ = {
			isa = XCConfigurationList;
			buildConfigurations = (
				1A053B562930D4F40098F322 /* Debug */,
				1A053B572930D4F40098F322 /* Release */,
			);
			defaultConfigurationIsVisible = 0;
			defaultConfigurationName = Release;
		};
		1A053B582930D4F40098F322 /* Build configuration list for PBXNativeTarget "NBA Final Players" */ = {
			isa = XCConfigurationList;
			buildConfigurations = (
				1A053B592930D4F40098F322 /* Debug */,
				1A053B5A2930D4F40098F322 /* Release */,
			);
			defaultConfigurationIsVisible = 0;
			defaultConfigurationName = Release;
		};
/* End XCConfigurationList section */
	};
	rootObject = 1A053B422930D4F30098F322 /* Project object */;
}
